// !$*UTF8*$!
{
	archiveVersion = 1;
	classes = {
	};
	objectVersion = 46;
	objects = {

/* Begin PBXBuildFile section */
		CB045E9F1BE5112900A22682 /* ZXOAuthController.m in Sources */ = {isa = PBXBuildFile; fileRef = CB045E9E1BE5112900A22682 /* ZXOAuthController.m */; settings = {ASSET_TAGS = (); }; };
		CB13B1BF1BD34B7900A6816D /* main.m in Sources */ = {isa = PBXBuildFile; fileRef = CB13B1BE1BD34B7900A6816D /* main.m */; };
		CB13B1CA1BD34B7900A6816D /* Assets.xcassets in Resources */ = {isa = PBXBuildFile; fileRef = CB13B1C91BD34B7900A6816D /* Assets.xcassets */; };
		CB13B1CD1BD34B7900A6816D /* LaunchScreen.storyboard in Resources */ = {isa = PBXBuildFile; fileRef = CB13B1CB1BD34B7900A6816D /* LaunchScreen.storyboard */; };
		CB13B1EC1BD37A1400A6816D /* AppDelegate.m in Sources */ = {isa = PBXBuildFile; fileRef = CB13B1EB1BD37A1400A6816D /* AppDelegate.m */; settings = {ASSET_TAGS = (); }; };
		CB13B1EF1BD37A6900A6816D /* ZXTabBarController.m in Sources */ = {isa = PBXBuildFile; fileRef = CB13B1EE1BD37A6900A6816D /* ZXTabBarController.m */; settings = {ASSET_TAGS = (); }; };
		CB13B1F21BD37BE800A6816D /* ZXDiscoverViewController.m in Sources */ = {isa = PBXBuildFile; fileRef = CB13B1F11BD37BE800A6816D /* ZXDiscoverViewController.m */; settings = {ASSET_TAGS = (); }; };
		CB13B1F51BD37BFA00A6816D /* ZXHomeViewController.m in Sources */ = {isa = PBXBuildFile; fileRef = CB13B1F41BD37BFA00A6816D /* ZXHomeViewController.m */; settings = {ASSET_TAGS = (); }; };
		CB13B1F81BD37C1C00A6816D /* ZXMeViewController.m in Sources */ = {isa = PBXBuildFile; fileRef = CB13B1F71BD37C1C00A6816D /* ZXMeViewController.m */; settings = {ASSET_TAGS = (); }; };
		CB13B1FB1BD37C2D00A6816D /* ZXMessageViewController.m in Sources */ = {isa = PBXBuildFile; fileRef = CB13B1FA1BD37C2D00A6816D /* ZXMessageViewController.m */; settings = {ASSET_TAGS = (); }; };
		CB13B2001BD3951200A6816D /* UIBarButtonItem+Expention.m in Sources */ = {isa = PBXBuildFile; fileRef = CB13B1FF1BD3951200A6816D /* UIBarButtonItem+Expention.m */; settings = {ASSET_TAGS = (); }; };
		CB1B44931BE6F66100F112E3 /* AFHTTPRequestOperation.m in Sources */ = {isa = PBXBuildFile; fileRef = CB1B44811BE6F66100F112E3 /* AFHTTPRequestOperation.m */; settings = {ASSET_TAGS = (); }; };
		CB1B44941BE6F66100F112E3 /* AFHTTPRequestOperationManager.m in Sources */ = {isa = PBXBuildFile; fileRef = CB1B44831BE6F66100F112E3 /* AFHTTPRequestOperationManager.m */; settings = {ASSET_TAGS = (); }; };
		CB1B44951BE6F66100F112E3 /* AFHTTPSessionManager.m in Sources */ = {isa = PBXBuildFile; fileRef = CB1B44851BE6F66100F112E3 /* AFHTTPSessionManager.m */; settings = {ASSET_TAGS = (); }; };
		CB1B44961BE6F66100F112E3 /* AFNetworkReachabilityManager.m in Sources */ = {isa = PBXBuildFile; fileRef = CB1B44881BE6F66100F112E3 /* AFNetworkReachabilityManager.m */; settings = {ASSET_TAGS = (); }; };
		CB1B44971BE6F66100F112E3 /* AFSecurityPolicy.m in Sources */ = {isa = PBXBuildFile; fileRef = CB1B448A1BE6F66100F112E3 /* AFSecurityPolicy.m */; settings = {ASSET_TAGS = (); }; };
		CB1B44981BE6F66100F112E3 /* AFURLConnectionOperation.m in Sources */ = {isa = PBXBuildFile; fileRef = CB1B448C1BE6F66100F112E3 /* AFURLConnectionOperation.m */; settings = {ASSET_TAGS = (); }; };
		CB1B44991BE6F66100F112E3 /* AFURLRequestSerialization.m in Sources */ = {isa = PBXBuildFile; fileRef = CB1B448E1BE6F66100F112E3 /* AFURLRequestSerialization.m */; settings = {ASSET_TAGS = (); }; };
		CB1B449A1BE6F66100F112E3 /* AFURLResponseSerialization.m in Sources */ = {isa = PBXBuildFile; fileRef = CB1B44901BE6F66100F112E3 /* AFURLResponseSerialization.m */; settings = {ASSET_TAGS = (); }; };
		CB1B449B1BE6F66100F112E3 /* AFURLSessionManager.m in Sources */ = {isa = PBXBuildFile; fileRef = CB1B44921BE6F66100F112E3 /* AFURLSessionManager.m */; settings = {ASSET_TAGS = (); }; };
		CB1B44AC1BE70AB200F112E3 /* MJConst.m in Sources */ = {isa = PBXBuildFile; fileRef = CB1B449E1BE70AB200F112E3 /* MJConst.m */; settings = {ASSET_TAGS = (); }; };
		CB1B44AD1BE70AB200F112E3 /* MJFoundation.m in Sources */ = {isa = PBXBuildFile; fileRef = CB1B44A11BE70AB200F112E3 /* MJFoundation.m */; settings = {ASSET_TAGS = (); }; };
		CB1B44AE1BE70AB200F112E3 /* MJIvar.m in Sources */ = {isa = PBXBuildFile; fileRef = CB1B44A31BE70AB200F112E3 /* MJIvar.m */; settings = {ASSET_TAGS = (); }; };
		CB1B44AF1BE70AB200F112E3 /* MJType.m in Sources */ = {isa = PBXBuildFile; fileRef = CB1B44A51BE70AB200F112E3 /* MJType.m */; settings = {ASSET_TAGS = (); }; };
		CB1B44B01BE70AB200F112E3 /* NSObject+MJCoding.m in Sources */ = {isa = PBXBuildFile; fileRef = CB1B44A71BE70AB200F112E3 /* NSObject+MJCoding.m */; settings = {ASSET_TAGS = (); }; };
		CB1B44B11BE70AB200F112E3 /* NSObject+MJIvar.m in Sources */ = {isa = PBXBuildFile; fileRef = CB1B44A91BE70AB200F112E3 /* NSObject+MJIvar.m */; settings = {ASSET_TAGS = (); }; };
		CB1B44B21BE70AB200F112E3 /* NSObject+MJKeyValue.m in Sources */ = {isa = PBXBuildFile; fileRef = CB1B44AB1BE70AB200F112E3 /* NSObject+MJKeyValue.m */; settings = {ASSET_TAGS = (); }; };
		CB1B44B61BE70D2600F112E3 /* ZXAccout.m in Sources */ = {isa = PBXBuildFile; fileRef = CB1B44B51BE70D2600F112E3 /* ZXAccout.m */; settings = {ASSET_TAGS = (); }; };
		CB1B44B91BE74D3B00F112E3 /* ZXStatus.m in Sources */ = {isa = PBXBuildFile; fileRef = CB1B44B81BE74D3B00F112E3 /* ZXStatus.m */; settings = {ASSET_TAGS = (); }; };
		CB1B44BC1BE78A2D00F112E3 /* ZXUser.m in Sources */ = {isa = PBXBuildFile; fileRef = CB1B44BB1BE78A2D00F112E3 /* ZXUser.m */; settings = {ASSET_TAGS = (); }; };
		CB1B44DB1BE78C6B00F112E3 /* NSData+ImageContentType.m in Sources */ = {isa = PBXBuildFile; fileRef = CB1B44BF1BE78C6B00F112E3 /* NSData+ImageContentType.m */; settings = {ASSET_TAGS = (); }; };
		CB1B44DC1BE78C6B00F112E3 /* SDImageCache.m in Sources */ = {isa = PBXBuildFile; fileRef = CB1B44C11BE78C6B00F112E3 /* SDImageCache.m */; settings = {ASSET_TAGS = (); }; };
		CB1B44DD1BE78C6B00F112E3 /* SDWebImageCompat.m in Sources */ = {isa = PBXBuildFile; fileRef = CB1B44C31BE78C6B00F112E3 /* SDWebImageCompat.m */; settings = {ASSET_TAGS = (); }; };
		CB1B44DE1BE78C6B00F112E3 /* SDWebImageDecoder.m in Sources */ = {isa = PBXBuildFile; fileRef = CB1B44C51BE78C6B00F112E3 /* SDWebImageDecoder.m */; settings = {ASSET_TAGS = (); }; };
		CB1B44DF1BE78C6B00F112E3 /* SDWebImageDownloader.m in Sources */ = {isa = PBXBuildFile; fileRef = CB1B44C71BE78C6B00F112E3 /* SDWebImageDownloader.m */; settings = {ASSET_TAGS = (); }; };
		CB1B44E01BE78C6B00F112E3 /* SDWebImageDownloaderOperation.m in Sources */ = {isa = PBXBuildFile; fileRef = CB1B44C91BE78C6B00F112E3 /* SDWebImageDownloaderOperation.m */; settings = {ASSET_TAGS = (); }; };
		CB1B44E11BE78C6B00F112E3 /* SDWebImageManager.m in Sources */ = {isa = PBXBuildFile; fileRef = CB1B44CB1BE78C6B00F112E3 /* SDWebImageManager.m */; settings = {ASSET_TAGS = (); }; };
		CB1B44E21BE78C6B00F112E3 /* SDWebImagePrefetcher.m in Sources */ = {isa = PBXBuildFile; fileRef = CB1B44CE1BE78C6B00F112E3 /* SDWebImagePrefetcher.m */; settings = {ASSET_TAGS = (); }; };
		CB1B44E31BE78C6B00F112E3 /* UIButton+WebCache.m in Sources */ = {isa = PBXBuildFile; fileRef = CB1B44D01BE78C6B00F112E3 /* UIButton+WebCache.m */; settings = {ASSET_TAGS = (); }; };
		CB1B44E41BE78C6B00F112E3 /* UIImage+GIF.m in Sources */ = {isa = PBXBuildFile; fileRef = CB1B44D21BE78C6B00F112E3 /* UIImage+GIF.m */; settings = {ASSET_TAGS = (); }; };
		CB1B44E51BE78C6B00F112E3 /* UIImage+MultiFormat.m in Sources */ = {isa = PBXBuildFile; fileRef = CB1B44D41BE78C6B00F112E3 /* UIImage+MultiFormat.m */; settings = {ASSET_TAGS = (); }; };
		CB1B44E61BE78C6B00F112E3 /* UIImageView+HighlightedWebCache.m in Sources */ = {isa = PBXBuildFile; fileRef = CB1B44D61BE78C6B00F112E3 /* UIImageView+HighlightedWebCache.m */; settings = {ASSET_TAGS = (); }; };
		CB1B44E71BE78C6B00F112E3 /* UIImageView+WebCache.m in Sources */ = {isa = PBXBuildFile; fileRef = CB1B44D81BE78C6B00F112E3 /* UIImageView+WebCache.m */; settings = {ASSET_TAGS = (); }; };
		CB1B44E81BE78C6B00F112E3 /* UIView+WebCacheOperation.m in Sources */ = {isa = PBXBuildFile; fileRef = CB1B44DA1BE78C6B00F112E3 /* UIView+WebCacheOperation.m */; settings = {ASSET_TAGS = (); }; };
		CB224A951BDB206C008CA13B /* ZXPopController.m in Sources */ = {isa = PBXBuildFile; fileRef = CB224A941BDB206C008CA13B /* ZXPopController.m */; settings = {ASSET_TAGS = (); }; };
		CB41D22A1BEC6C6C00DBDF4C /* ZXStatusBar.m in Sources */ = {isa = PBXBuildFile; fileRef = CB41D2291BEC6C6C00DBDF4C /* ZXStatusBar.m */; settings = {ASSET_TAGS = (); }; };
		CB582B901BD51A46009B6F5B /* ZXOneViewController.m in Sources */ = {isa = PBXBuildFile; fileRef = CB582B8F1BD51A46009B6F5B /* ZXOneViewController.m */; settings = {ASSET_TAGS = (); }; };
		CB582B931BD51A50009B6F5B /* ZXTwoViewController.m in Sources */ = {isa = PBXBuildFile; fileRef = CB582B921BD51A50009B6F5B /* ZXTwoViewController.m */; settings = {ASSET_TAGS = (); }; };
		CB582B9B1BD521DD009B6F5B /* ZXNavigationController.m in Sources */ = {isa = PBXBuildFile; fileRef = CB582B9A1BD521DD009B6F5B /* ZXNavigationController.m */; settings = {ASSET_TAGS = (); }; };
		CB6C50261BD78B1000C43E32 /* ZXSearchView.m in Sources */ = {isa = PBXBuildFile; fileRef = CB6C50251BD78B1000C43E32 /* ZXSearchView.m */; settings = {ASSET_TAGS = (); }; };
		CB6C50281BD78B3200C43E32 /* ZXSearchView.xib in Resources */ = {isa = PBXBuildFile; fileRef = CB6C50271BD78B3200C43E32 /* ZXSearchView.xib */; settings = {ASSET_TAGS = (); }; };
		CB6C502B1BD78DB800C43E32 /* NSBundle+Expention.m in Sources */ = {isa = PBXBuildFile; fileRef = CB6C502A1BD78DB800C43E32 /* NSBundle+Expention.m */; settings = {ASSET_TAGS = (); }; };
		CB6C502E1BD7CDF000C43E32 /* ZXTitleBtn.m in Sources */ = {isa = PBXBuildFile; fileRef = CB6C502D1BD7CDF000C43E32 /* ZXTitleBtn.m */; settings = {ASSET_TAGS = (); }; };
		CB6C50311BD7D45B00C43E32 /* UIView+Extension.m in Sources */ = {isa = PBXBuildFile; fileRef = CB6C50301BD7D45B00C43E32 /* UIView+Extension.m */; settings = {ASSET_TAGS = (); }; };
		CB9AA20B1BEA340B00D91E7E /* ZXFooterView.m in Sources */ = {isa = PBXBuildFile; fileRef = CB9AA20A1BEA340B00D91E7E /* ZXFooterView.m */; settings = {ASSET_TAGS = (); }; };
		CB9AA20D1BEA341C00D91E7E /* ZXFooterView.xib in Resources */ = {isa = PBXBuildFile; fileRef = CB9AA20C1BEA341C00D91E7E /* ZXFooterView.xib */; settings = {ASSET_TAGS = (); }; };
		CBD9EA891BECF150005F4AEE /* ZXHttpTool.m in Sources */ = {isa = PBXBuildFile; fileRef = CBD9EA881BECF150005F4AEE /* ZXHttpTool.m */; settings = {ASSET_TAGS = (); }; };
		CBF22BB71BEB3B8C003CB3D5 /* ZXComposeController.m in Sources */ = {isa = PBXBuildFile; fileRef = CBF22BB61BEB3B8C003CB3D5 /* ZXComposeController.m */; settings = {ASSET_TAGS = (); }; };
		CBF22BBA1BEB4387003CB3D5 /* ZXToolBar.m in Sources */ = {isa = PBXBuildFile; fileRef = CBF22BB91BEB4387003CB3D5 /* ZXToolBar.m */; settings = {ASSET_TAGS = (); }; };
		CBF22BBD1BEB50B3003CB3D5 /* ZXTextView.m in Sources */ = {isa = PBXBuildFile; fileRef = CBF22BBC1BEB50B3003CB3D5 /* ZXTextView.m */; settings = {ASSET_TAGS = (); }; };
		CBF22BC01BEBA2CA003CB3D5 /* ZXComposePictureView.m in Sources */ = {isa = PBXBuildFile; fileRef = CBF22BBF1BEBA2CA003CB3D5 /* ZXComposePictureView.m */; settings = {ASSET_TAGS = (); }; };
		CBF260CB1BDCF30C003878D7 /* ZXNewFeatureController.m in Sources */ = {isa = PBXBuildFile; fileRef = CBF260CA1BDCF30C003878D7 /* ZXNewFeatureController.m */; settings = {ASSET_TAGS = (); }; };
		CBF260CE1BDCFC23003878D7 /* ZXEnterView.m in Sources */ = {isa = PBXBuildFile; fileRef = CBF260CD1BDCFC23003878D7 /* ZXEnterView.m */; settings = {ASSET_TAGS = (); }; };
		CBF260D01BDCFC30003878D7 /* ZXEnterView.xib in Resources */ = {isa = PBXBuildFile; fileRef = CBF260CF1BDCFC30003878D7 /* ZXEnterView.xib */; settings = {ASSET_TAGS = (); }; };
		CBF495E11BDBB698001AEF26 /* UIImage+Extension.m in Sources */ = {isa = PBXBuildFile; fileRef = CBF495E01BDBB698001AEF26 /* UIImage+Extension.m */; settings = {ASSET_TAGS = (); }; };
		CBF495E51BDBBD6B001AEF26 /* ZXTabBar.m in Sources */ = {isa = PBXBuildFile; fileRef = CBF495E41BDBBD6B001AEF26 /* ZXTabBar.m */; settings = {ASSET_TAGS = (); }; };
		CBF66CFE1BDE4C1C00937A82 /* NSUserDefaults+Extension.m in Sources */ = {isa = PBXBuildFile; fileRef = CBF66CFD1BDE4C1C00937A82 /* NSUserDefaults+Extension.m */; settings = {ASSET_TAGS = (); }; };
/* End PBXBuildFile section */

/* Begin PBXFileReference section */
		CB045E9D1BE5112900A22682 /* ZXOAuthController.h */ = {isa = PBXFileReference; fileEncoding = 4; lastKnownFileType = sourcecode.c.h; path = ZXOAuthController.h; sourceTree = "<group>"; };
		CB045E9E1BE5112900A22682 /* ZXOAuthController.m */ = {isa = PBXFileReference; fileEncoding = 4; lastKnownFileType = sourcecode.c.objc; path = ZXOAuthController.m; sourceTree = "<group>"; };
		CB13B1BA1BD34B7900A6816D /* ZXMSinga.app */ = {isa = PBXFileReference; explicitFileType = wrapper.application; includeInIndex = 0; path = ZXMSinga.app; sourceTree = BUILT_PRODUCTS_DIR; };
		CB13B1BE1BD34B7900A6816D /* main.m */ = {isa = PBXFileReference; lastKnownFileType = sourcecode.c.objc; path = main.m; sourceTree = "<group>"; };
		CB13B1C91BD34B7900A6816D /* Assets.xcassets */ = {isa = PBXFileReference; lastKnownFileType = folder.assetcatalog; path = Assets.xcassets; sourceTree = "<group>"; };
		CB13B1CC1BD34B7900A6816D /* Base */ = {isa = PBXFileReference; lastKnownFileType = file.storyboard; name = Base; path = Base.lproj/LaunchScreen.storyboard; sourceTree = "<group>"; };
		CB13B1CE1BD34B7900A6816D /* Info.plist */ = {isa = PBXFileReference; lastKnownFileType = text.plist.xml; path = Info.plist; sourceTree = "<group>"; };
		CB13B1EA1BD37A1400A6816D /* AppDelegate.h */ = {isa = PBXFileReference; fileEncoding = 4; lastKnownFileType = sourcecode.c.h; name = AppDelegate.h; path = "../Message(消息)/AppDelegate.h"; sourceTree = "<group>"; };
		CB13B1EB1BD37A1400A6816D /* AppDelegate.m */ = {isa = PBXFileReference; fileEncoding = 4; lastKnownFileType = sourcecode.c.objc; name = AppDelegate.m; path = "../Message(消息)/AppDelegate.m"; sourceTree = "<group>"; };
		CB13B1ED1BD37A6900A6816D /* ZXTabBarController.h */ = {isa = PBXFileReference; fileEncoding = 4; lastKnownFileType = sourcecode.c.h; path = ZXTabBarController.h; sourceTree = "<group>"; };
		CB13B1EE1BD37A6900A6816D /* ZXTabBarController.m */ = {isa = PBXFileReference; fileEncoding = 4; lastKnownFileType = sourcecode.c.objc; path = ZXTabBarController.m; sourceTree = "<group>"; };
		CB13B1F01BD37BE800A6816D /* ZXDiscoverViewController.h */ = {isa = PBXFileReference; fileEncoding = 4; lastKnownFileType = sourcecode.c.h; path = ZXDiscoverViewController.h; sourceTree = "<group>"; };
		CB13B1F11BD37BE800A6816D /* ZXDiscoverViewController.m */ = {isa = PBXFileReference; fileEncoding = 4; lastKnownFileType = sourcecode.c.objc; path = ZXDiscoverViewController.m; sourceTree = "<group>"; };
		CB13B1F31BD37BFA00A6816D /* ZXHomeViewController.h */ = {isa = PBXFileReference; fileEncoding = 4; lastKnownFileType = sourcecode.c.h; path = ZXHomeViewController.h; sourceTree = "<group>"; };
		CB13B1F41BD37BFA00A6816D /* ZXHomeViewController.m */ = {isa = PBXFileReference; fileEncoding = 4; lastKnownFileType = sourcecode.c.objc; path = ZXHomeViewController.m; sourceTree = "<group>"; };
		CB13B1F61BD37C1C00A6816D /* ZXMeViewController.h */ = {isa = PBXFileReference; fileEncoding = 4; lastKnownFileType = sourcecode.c.h; path = ZXMeViewController.h; sourceTree = "<group>"; };
		CB13B1F71BD37C1C00A6816D /* ZXMeViewController.m */ = {isa = PBXFileReference; fileEncoding = 4; lastKnownFileType = sourcecode.c.objc; path = ZXMeViewController.m; sourceTree = "<group>"; };
		CB13B1F91BD37C2D00A6816D /* ZXMessageViewController.h */ = {isa = PBXFileReference; fileEncoding = 4; lastKnownFileType = sourcecode.c.h; path = ZXMessageViewController.h; sourceTree = "<group>"; };
		CB13B1FA1BD37C2D00A6816D /* ZXMessageViewController.m */ = {isa = PBXFileReference; fileEncoding = 4; lastKnownFileType = sourcecode.c.objc; path = ZXMessageViewController.m; sourceTree = "<group>"; };
		CB13B1FE1BD3951200A6816D /* UIBarButtonItem+Expention.h */ = {isa = PBXFileReference; fileEncoding = 4; lastKnownFileType = sourcecode.c.h; path = "UIBarButtonItem+Expention.h"; sourceTree = "<group>"; };
		CB13B1FF1BD3951200A6816D /* UIBarButtonItem+Expention.m */ = {isa = PBXFileReference; fileEncoding = 4; lastKnownFileType = sourcecode.c.objc; path = "UIBarButtonItem+Expention.m"; sourceTree = "<group>"; };
		CB1B44801BE6F66100F112E3 /* AFHTTPRequestOperation.h */ = {isa = PBXFileReference; fileEncoding = 4; lastKnownFileType = sourcecode.c.h; path = AFHTTPRequestOperation.h; sourceTree = "<group>"; };
		CB1B44811BE6F66100F112E3 /* AFHTTPRequestOperation.m */ = {isa = PBXFileReference; fileEncoding = 4; lastKnownFileType = sourcecode.c.objc; path = AFHTTPRequestOperation.m; sourceTree = "<group>"; };
		CB1B44821BE6F66100F112E3 /* AFHTTPRequestOperationManager.h */ = {isa = PBXFileReference; fileEncoding = 4; lastKnownFileType = sourcecode.c.h; path = AFHTTPRequestOperationManager.h; sourceTree = "<group>"; };
		CB1B44831BE6F66100F112E3 /* AFHTTPRequestOperationManager.m */ = {isa = PBXFileReference; fileEncoding = 4; lastKnownFileType = sourcecode.c.objc; path = AFHTTPRequestOperationManager.m; sourceTree = "<group>"; };
		CB1B44841BE6F66100F112E3 /* AFHTTPSessionManager.h */ = {isa = PBXFileReference; fileEncoding = 4; lastKnownFileType = sourcecode.c.h; path = AFHTTPSessionManager.h; sourceTree = "<group>"; };
		CB1B44851BE6F66100F112E3 /* AFHTTPSessionManager.m */ = {isa = PBXFileReference; fileEncoding = 4; lastKnownFileType = sourcecode.c.objc; path = AFHTTPSessionManager.m; sourceTree = "<group>"; };
		CB1B44861BE6F66100F112E3 /* AFNetworking.h */ = {isa = PBXFileReference; fileEncoding = 4; lastKnownFileType = sourcecode.c.h; path = AFNetworking.h; sourceTree = "<group>"; };
		CB1B44871BE6F66100F112E3 /* AFNetworkReachabilityManager.h */ = {isa = PBXFileReference; fileEncoding = 4; lastKnownFileType = sourcecode.c.h; path = AFNetworkReachabilityManager.h; sourceTree = "<group>"; };
		CB1B44881BE6F66100F112E3 /* AFNetworkReachabilityManager.m */ = {isa = PBXFileReference; fileEncoding = 4; lastKnownFileType = sourcecode.c.objc; path = AFNetworkReachabilityManager.m; sourceTree = "<group>"; };
		CB1B44891BE6F66100F112E3 /* AFSecurityPolicy.h */ = {isa = PBXFileReference; fileEncoding = 4; lastKnownFileType = sourcecode.c.h; path = AFSecurityPolicy.h; sourceTree = "<group>"; };
		CB1B448A1BE6F66100F112E3 /* AFSecurityPolicy.m */ = {isa = PBXFileReference; fileEncoding = 4; lastKnownFileType = sourcecode.c.objc; path = AFSecurityPolicy.m; sourceTree = "<group>"; };
		CB1B448B1BE6F66100F112E3 /* AFURLConnectionOperation.h */ = {isa = PBXFileReference; fileEncoding = 4; lastKnownFileType = sourcecode.c.h; path = AFURLConnectionOperation.h; sourceTree = "<group>"; };
		CB1B448C1BE6F66100F112E3 /* AFURLConnectionOperation.m */ = {isa = PBXFileReference; fileEncoding = 4; lastKnownFileType = sourcecode.c.objc; path = AFURLConnectionOperation.m; sourceTree = "<group>"; };
		CB1B448D1BE6F66100F112E3 /* AFURLRequestSerialization.h */ = {isa = PBXFileReference; fileEncoding = 4; lastKnownFileType = sourcecode.c.h; path = AFURLRequestSerialization.h; sourceTree = "<group>"; };
		CB1B448E1BE6F66100F112E3 /* AFURLRequestSerialization.m */ = {isa = PBXFileReference; fileEncoding = 4; lastKnownFileType = sourcecode.c.objc; path = AFURLRequestSerialization.m; sourceTree = "<group>"; };
		CB1B448F1BE6F66100F112E3 /* AFURLResponseSerialization.h */ = {isa = PBXFileReference; fileEncoding = 4; lastKnownFileType = sourcecode.c.h; path = AFURLResponseSerialization.h; sourceTree = "<group>"; };
		CB1B44901BE6F66100F112E3 /* AFURLResponseSerialization.m */ = {isa = PBXFileReference; fileEncoding = 4; lastKnownFileType = sourcecode.c.objc; path = AFURLResponseSerialization.m; sourceTree = "<group>"; };
		CB1B44911BE6F66100F112E3 /* AFURLSessionManager.h */ = {isa = PBXFileReference; fileEncoding = 4; lastKnownFileType = sourcecode.c.h; path = AFURLSessionManager.h; sourceTree = "<group>"; };
		CB1B44921BE6F66100F112E3 /* AFURLSessionManager.m */ = {isa = PBXFileReference; fileEncoding = 4; lastKnownFileType = sourcecode.c.objc; path = AFURLSessionManager.m; sourceTree = "<group>"; };
		CB1B449D1BE70AB200F112E3 /* MJConst.h */ = {isa = PBXFileReference; fileEncoding = 4; lastKnownFileType = sourcecode.c.h; path = MJConst.h; sourceTree = "<group>"; };
		CB1B449E1BE70AB200F112E3 /* MJConst.m */ = {isa = PBXFileReference; fileEncoding = 4; lastKnownFileType = sourcecode.c.objc; path = MJConst.m; sourceTree = "<group>"; };
		CB1B449F1BE70AB200F112E3 /* MJExtension.h */ = {isa = PBXFileReference; fileEncoding = 4; lastKnownFileType = sourcecode.c.h; path = MJExtension.h; sourceTree = "<group>"; };
		CB1B44A01BE70AB200F112E3 /* MJFoundation.h */ = {isa = PBXFileReference; fileEncoding = 4; lastKnownFileType = sourcecode.c.h; path = MJFoundation.h; sourceTree = "<group>"; };
		CB1B44A11BE70AB200F112E3 /* MJFoundation.m */ = {isa = PBXFileReference; fileEncoding = 4; lastKnownFileType = sourcecode.c.objc; path = MJFoundation.m; sourceTree = "<group>"; };
		CB1B44A21BE70AB200F112E3 /* MJIvar.h */ = {isa = PBXFileReference; fileEncoding = 4; lastKnownFileType = sourcecode.c.h; path = MJIvar.h; sourceTree = "<group>"; };
		CB1B44A31BE70AB200F112E3 /* MJIvar.m */ = {isa = PBXFileReference; fileEncoding = 4; lastKnownFileType = sourcecode.c.objc; path = MJIvar.m; sourceTree = "<group>"; };
		CB1B44A41BE70AB200F112E3 /* MJType.h */ = {isa = PBXFileReference; fileEncoding = 4; lastKnownFileType = sourcecode.c.h; path = MJType.h; sourceTree = "<group>"; };
		CB1B44A51BE70AB200F112E3 /* MJType.m */ = {isa = PBXFileReference; fileEncoding = 4; lastKnownFileType = sourcecode.c.objc; path = MJType.m; sourceTree = "<group>"; };
		CB1B44A61BE70AB200F112E3 /* NSObject+MJCoding.h */ = {isa = PBXFileReference; fileEncoding = 4; lastKnownFileType = sourcecode.c.h; path = "NSObject+MJCoding.h"; sourceTree = "<group>"; };
		CB1B44A71BE70AB200F112E3 /* NSObject+MJCoding.m */ = {isa = PBXFileReference; fileEncoding = 4; lastKnownFileType = sourcecode.c.objc; path = "NSObject+MJCoding.m"; sourceTree = "<group>"; };
		CB1B44A81BE70AB200F112E3 /* NSObject+MJIvar.h */ = {isa = PBXFileReference; fileEncoding = 4; lastKnownFileType = sourcecode.c.h; path = "NSObject+MJIvar.h"; sourceTree = "<group>"; };
		CB1B44A91BE70AB200F112E3 /* NSObject+MJIvar.m */ = {isa = PBXFileReference; fileEncoding = 4; lastKnownFileType = sourcecode.c.objc; path = "NSObject+MJIvar.m"; sourceTree = "<group>"; };
		CB1B44AA1BE70AB200F112E3 /* NSObject+MJKeyValue.h */ = {isa = PBXFileReference; fileEncoding = 4; lastKnownFileType = sourcecode.c.h; path = "NSObject+MJKeyValue.h"; sourceTree = "<group>"; };
		CB1B44AB1BE70AB200F112E3 /* NSObject+MJKeyValue.m */ = {isa = PBXFileReference; fileEncoding = 4; lastKnownFileType = sourcecode.c.objc; path = "NSObject+MJKeyValue.m"; sourceTree = "<group>"; };
		CB1B44B41BE70D2600F112E3 /* ZXAccout.h */ = {isa = PBXFileReference; fileEncoding = 4; lastKnownFileType = sourcecode.c.h; path = ZXAccout.h; sourceTree = "<group>"; };
		CB1B44B51BE70D2600F112E3 /* ZXAccout.m */ = {isa = PBXFileReference; fileEncoding = 4; lastKnownFileType = sourcecode.c.objc; path = ZXAccout.m; sourceTree = "<group>"; };
		CB1B44B71BE74D3B00F112E3 /* ZXStatus.h */ = {isa = PBXFileReference; fileEncoding = 4; lastKnownFileType = sourcecode.c.h; path = ZXStatus.h; sourceTree = "<group>"; };
		CB1B44B81BE74D3B00F112E3 /* ZXStatus.m */ = {isa = PBXFileReference; fileEncoding = 4; lastKnownFileType = sourcecode.c.objc; path = ZXStatus.m; sourceTree = "<group>"; };
		CB1B44BA1BE78A2D00F112E3 /* ZXUser.h */ = {isa = PBXFileReference; fileEncoding = 4; lastKnownFileType = sourcecode.c.h; path = ZXUser.h; sourceTree = "<group>"; };
		CB1B44BB1BE78A2D00F112E3 /* ZXUser.m */ = {isa = PBXFileReference; fileEncoding = 4; lastKnownFileType = sourcecode.c.objc; path = ZXUser.m; sourceTree = "<group>"; };
		CB1B44BE1BE78C6B00F112E3 /* NSData+ImageContentType.h */ = {isa = PBXFileReference; fileEncoding = 4; lastKnownFileType = sourcecode.c.h; path = "NSData+ImageContentType.h"; sourceTree = "<group>"; };
		CB1B44BF1BE78C6B00F112E3 /* NSData+ImageContentType.m */ = {isa = PBXFileReference; fileEncoding = 4; lastKnownFileType = sourcecode.c.objc; path = "NSData+ImageContentType.m"; sourceTree = "<group>"; };
		CB1B44C01BE78C6B00F112E3 /* SDImageCache.h */ = {isa = PBXFileReference; fileEncoding = 4; lastKnownFileType = sourcecode.c.h; path = SDImageCache.h; sourceTree = "<group>"; };
		CB1B44C11BE78C6B00F112E3 /* SDImageCache.m */ = {isa = PBXFileReference; fileEncoding = 4; lastKnownFileType = sourcecode.c.objc; path = SDImageCache.m; sourceTree = "<group>"; };
		CB1B44C21BE78C6B00F112E3 /* SDWebImageCompat.h */ = {isa = PBXFileReference; fileEncoding = 4; lastKnownFileType = sourcecode.c.h; path = SDWebImageCompat.h; sourceTree = "<group>"; };
		CB1B44C31BE78C6B00F112E3 /* SDWebImageCompat.m */ = {isa = PBXFileReference; fileEncoding = 4; lastKnownFileType = sourcecode.c.objc; path = SDWebImageCompat.m; sourceTree = "<group>"; };
		CB1B44C41BE78C6B00F112E3 /* SDWebImageDecoder.h */ = {isa = PBXFileReference; fileEncoding = 4; lastKnownFileType = sourcecode.c.h; path = SDWebImageDecoder.h; sourceTree = "<group>"; };
		CB1B44C51BE78C6B00F112E3 /* SDWebImageDecoder.m */ = {isa = PBXFileReference; fileEncoding = 4; lastKnownFileType = sourcecode.c.objc; path = SDWebImageDecoder.m; sourceTree = "<group>"; };
		CB1B44C61BE78C6B00F112E3 /* SDWebImageDownloader.h */ = {isa = PBXFileReference; fileEncoding = 4; lastKnownFileType = sourcecode.c.h; path = SDWebImageDownloader.h; sourceTree = "<group>"; };
		CB1B44C71BE78C6B00F112E3 /* SDWebImageDownloader.m */ = {isa = PBXFileReference; fileEncoding = 4; lastKnownFileType = sourcecode.c.objc; path = SDWebImageDownloader.m; sourceTree = "<group>"; };
		CB1B44C81BE78C6B00F112E3 /* SDWebImageDownloaderOperation.h */ = {isa = PBXFileReference; fileEncoding = 4; lastKnownFileType = sourcecode.c.h; path = SDWebImageDownloaderOperation.h; sourceTree = "<group>"; };
		CB1B44C91BE78C6B00F112E3 /* SDWebImageDownloaderOperation.m */ = {isa = PBXFileReference; fileEncoding = 4; lastKnownFileType = sourcecode.c.objc; path = SDWebImageDownloaderOperation.m; sourceTree = "<group>"; };
		CB1B44CA1BE78C6B00F112E3 /* SDWebImageManager.h */ = {isa = PBXFileReference; fileEncoding = 4; lastKnownFileType = sourcecode.c.h; path = SDWebImageManager.h; sourceTree = "<group>"; };
		CB1B44CB1BE78C6B00F112E3 /* SDWebImageManager.m */ = {isa = PBXFileReference; fileEncoding = 4; lastKnownFileType = sourcecode.c.objc; path = SDWebImageManager.m; sourceTree = "<group>"; };
		CB1B44CC1BE78C6B00F112E3 /* SDWebImageOperation.h */ = {isa = PBXFileReference; fileEncoding = 4; lastKnownFileType = sourcecode.c.h; path = SDWebImageOperation.h; sourceTree = "<group>"; };
		CB1B44CD1BE78C6B00F112E3 /* SDWebImagePrefetcher.h */ = {isa = PBXFileReference; fileEncoding = 4; lastKnownFileType = sourcecode.c.h; path = SDWebImagePrefetcher.h; sourceTree = "<group>"; };
		CB1B44CE1BE78C6B00F112E3 /* SDWebImagePrefetcher.m */ = {isa = PBXFileReference; fileEncoding = 4; lastKnownFileType = sourcecode.c.objc; path = SDWebImagePrefetcher.m; sourceTree = "<group>"; };
		CB1B44CF1BE78C6B00F112E3 /* UIButton+WebCache.h */ = {isa = PBXFileReference; fileEncoding = 4; lastKnownFileType = sourcecode.c.h; path = "UIButton+WebCache.h"; sourceTree = "<group>"; };
		CB1B44D01BE78C6B00F112E3 /* UIButton+WebCache.m */ = {isa = PBXFileReference; fileEncoding = 4; lastKnownFileType = sourcecode.c.objc; path = "UIButton+WebCache.m"; sourceTree = "<group>"; };
		CB1B44D11BE78C6B00F112E3 /* UIImage+GIF.h */ = {isa = PBXFileReference; fileEncoding = 4; lastKnownFileType = sourcecode.c.h; path = "UIImage+GIF.h"; sourceTree = "<group>"; };
		CB1B44D21BE78C6B00F112E3 /* UIImage+GIF.m */ = {isa = PBXFileReference; fileEncoding = 4; lastKnownFileType = sourcecode.c.objc; path = "UIImage+GIF.m"; sourceTree = "<group>"; };
		CB1B44D31BE78C6B00F112E3 /* UIImage+MultiFormat.h */ = {isa = PBXFileReference; fileEncoding = 4; lastKnownFileType = sourcecode.c.h; path = "UIImage+MultiFormat.h"; sourceTree = "<group>"; };
		CB1B44D41BE78C6B00F112E3 /* UIImage+MultiFormat.m */ = {isa = PBXFileReference; fileEncoding = 4; lastKnownFileType = sourcecode.c.objc; path = "UIImage+MultiFormat.m"; sourceTree = "<group>"; };
		CB1B44D51BE78C6B00F112E3 /* UIImageView+HighlightedWebCache.h */ = {isa = PBXFileReference; fileEncoding = 4; lastKnownFileType = sourcecode.c.h; path = "UIImageView+HighlightedWebCache.h"; sourceTree = "<group>"; };
		CB1B44D61BE78C6B00F112E3 /* UIImageView+HighlightedWebCache.m */ = {isa = PBXFileReference; fileEncoding = 4; lastKnownFileType = sourcecode.c.objc; path = "UIImageView+HighlightedWebCache.m"; sourceTree = "<group>"; };
		CB1B44D71BE78C6B00F112E3 /* UIImageView+WebCache.h */ = {isa = PBXFileReference; fileEncoding = 4; lastKnownFileType = sourcecode.c.h; path = "UIImageView+WebCache.h"; sourceTree = "<group>"; };
		CB1B44D81BE78C6B00F112E3 /* UIImageView+WebCache.m */ = {isa = PBXFileReference; fileEncoding = 4; lastKnownFileType = sourcecode.c.objc; path = "UIImageView+WebCache.m"; sourceTree = "<group>"; };
		CB1B44D91BE78C6B00F112E3 /* UIView+WebCacheOperation.h */ = {isa = PBXFileReference; fileEncoding = 4; lastKnownFileType = sourcecode.c.h; path = "UIView+WebCacheOperation.h"; sourceTree = "<group>"; };
		CB1B44DA1BE78C6B00F112E3 /* UIView+WebCacheOperation.m */ = {isa = PBXFileReference; fileEncoding = 4; lastKnownFileType = sourcecode.c.objc; path = "UIView+WebCacheOperation.m"; sourceTree = "<group>"; };
		CB224A931BDB206C008CA13B /* ZXPopController.h */ = {isa = PBXFileReference; fileEncoding = 4; lastKnownFileType = sourcecode.c.h; path = ZXPopController.h; sourceTree = "<group>"; };
		CB224A941BDB206C008CA13B /* ZXPopController.m */ = {isa = PBXFileReference; fileEncoding = 4; lastKnownFileType = sourcecode.c.objc; path = ZXPopController.m; sourceTree = "<group>"; };
		CB41D2281BEC6C6C00DBDF4C /* ZXStatusBar.h */ = {isa = PBXFileReference; fileEncoding = 4; lastKnownFileType = sourcecode.c.h; path = ZXStatusBar.h; sourceTree = "<group>"; };
		CB41D2291BEC6C6C00DBDF4C /* ZXStatusBar.m */ = {isa = PBXFileReference; fileEncoding = 4; lastKnownFileType = sourcecode.c.objc; path = ZXStatusBar.m; sourceTree = "<group>"; };
		CB582B8E1BD51A46009B6F5B /* ZXOneViewController.h */ = {isa = PBXFileReference; fileEncoding = 4; lastKnownFileType = sourcecode.c.h; path = ZXOneViewController.h; sourceTree = "<group>"; };
		CB582B8F1BD51A46009B6F5B /* ZXOneViewController.m */ = {isa = PBXFileReference; fileEncoding = 4; lastKnownFileType = sourcecode.c.objc; path = ZXOneViewController.m; sourceTree = "<group>"; };
		CB582B911BD51A50009B6F5B /* ZXTwoViewController.h */ = {isa = PBXFileReference; fileEncoding = 4; lastKnownFileType = sourcecode.c.h; path = ZXTwoViewController.h; sourceTree = "<group>"; };
		CB582B921BD51A50009B6F5B /* ZXTwoViewController.m */ = {isa = PBXFileReference; fileEncoding = 4; lastKnownFileType = sourcecode.c.objc; path = ZXTwoViewController.m; sourceTree = "<group>"; };
		CB582B981BD5214F009B6F5B /* ZXSinga.pch */ = {isa = PBXFileReference; fileEncoding = 4; lastKnownFileType = sourcecode.c.h; path = ZXSinga.pch; sourceTree = "<group>"; };
		CB582B991BD521DD009B6F5B /* ZXNavigationController.h */ = {isa = PBXFileReference; fileEncoding = 4; lastKnownFileType = sourcecode.c.h; path = ZXNavigationController.h; sourceTree = "<group>"; };
		CB582B9A1BD521DD009B6F5B /* ZXNavigationController.m */ = {isa = PBXFileReference; fileEncoding = 4; lastKnownFileType = sourcecode.c.objc; path = ZXNavigationController.m; sourceTree = "<group>"; };
		CB6C50241BD78B1000C43E32 /* ZXSearchView.h */ = {isa = PBXFileReference; fileEncoding = 4; lastKnownFileType = sourcecode.c.h; path = ZXSearchView.h; sourceTree = "<group>"; };
		CB6C50251BD78B1000C43E32 /* ZXSearchView.m */ = {isa = PBXFileReference; fileEncoding = 4; lastKnownFileType = sourcecode.c.objc; path = ZXSearchView.m; sourceTree = "<group>"; };
		CB6C50271BD78B3200C43E32 /* ZXSearchView.xib */ = {isa = PBXFileReference; fileEncoding = 4; lastKnownFileType = file.xib; path = ZXSearchView.xib; sourceTree = "<group>"; };
		CB6C50291BD78DB800C43E32 /* NSBundle+Expention.h */ = {isa = PBXFileReference; fileEncoding = 4; lastKnownFileType = sourcecode.c.h; path = "NSBundle+Expention.h"; sourceTree = "<group>"; };
		CB6C502A1BD78DB800C43E32 /* NSBundle+Expention.m */ = {isa = PBXFileReference; fileEncoding = 4; lastKnownFileType = sourcecode.c.objc; path = "NSBundle+Expention.m"; sourceTree = "<group>"; };
		CB6C502C1BD7CDF000C43E32 /* ZXTitleBtn.h */ = {isa = PBXFileReference; fileEncoding = 4; lastKnownFileType = sourcecode.c.h; path = ZXTitleBtn.h; sourceTree = "<group>"; };
		CB6C502D1BD7CDF000C43E32 /* ZXTitleBtn.m */ = {isa = PBXFileReference; fileEncoding = 4; lastKnownFileType = sourcecode.c.objc; path = ZXTitleBtn.m; sourceTree = "<group>"; };
		CB6C502F1BD7D45B00C43E32 /* UIView+Extension.h */ = {isa = PBXFileReference; fileEncoding = 4; lastKnownFileType = sourcecode.c.h; path = "UIView+Extension.h"; sourceTree = "<group>"; };
		CB6C50301BD7D45B00C43E32 /* UIView+Extension.m */ = {isa = PBXFileReference; fileEncoding = 4; lastKnownFileType = sourcecode.c.objc; path = "UIView+Extension.m"; sourceTree = "<group>"; };
		CB9AA2091BEA340B00D91E7E /* ZXFooterView.h */ = {isa = PBXFileReference; fileEncoding = 4; lastKnownFileType = sourcecode.c.h; path = ZXFooterView.h; sourceTree = "<group>"; };
		CB9AA20A1BEA340B00D91E7E /* ZXFooterView.m */ = {isa = PBXFileReference; fileEncoding = 4; lastKnownFileType = sourcecode.c.objc; path = ZXFooterView.m; sourceTree = "<group>"; };
		CB9AA20C1BEA341C00D91E7E /* ZXFooterView.xib */ = {isa = PBXFileReference; fileEncoding = 4; lastKnownFileType = file.xib; path = ZXFooterView.xib; sourceTree = "<group>"; };
		CBD9EA871BECF150005F4AEE /* ZXHttpTool.h */ = {isa = PBXFileReference; fileEncoding = 4; lastKnownFileType = sourcecode.c.h; path = ZXHttpTool.h; sourceTree = "<group>"; };
		CBD9EA881BECF150005F4AEE /* ZXHttpTool.m */ = {isa = PBXFileReference; fileEncoding = 4; lastKnownFileType = sourcecode.c.objc; path = ZXHttpTool.m; sourceTree = "<group>"; };
		CBF22BB51BEB3B8C003CB3D5 /* ZXComposeController.h */ = {isa = PBXFileReference; fileEncoding = 4; lastKnownFileType = sourcecode.c.h; path = ZXComposeController.h; sourceTree = "<group>"; };
		CBF22BB61BEB3B8C003CB3D5 /* ZXComposeController.m */ = {isa = PBXFileReference; fileEncoding = 4; lastKnownFileType = sourcecode.c.objc; path = ZXComposeController.m; sourceTree = "<group>"; };
		CBF22BB81BEB4387003CB3D5 /* ZXToolBar.h */ = {isa = PBXFileReference; fileEncoding = 4; lastKnownFileType = sourcecode.c.h; path = ZXToolBar.h; sourceTree = "<group>"; };
		CBF22BB91BEB4387003CB3D5 /* ZXToolBar.m */ = {isa = PBXFileReference; fileEncoding = 4; lastKnownFileType = sourcecode.c.objc; path = ZXToolBar.m; sourceTree = "<group>"; };
		CBF22BBB1BEB50B3003CB3D5 /* ZXTextView.h */ = {isa = PBXFileReference; fileEncoding = 4; lastKnownFileType = sourcecode.c.h; path = ZXTextView.h; sourceTree = "<group>"; };
		CBF22BBC1BEB50B3003CB3D5 /* ZXTextView.m */ = {isa = PBXFileReference; fileEncoding = 4; lastKnownFileType = sourcecode.c.objc; path = ZXTextView.m; sourceTree = "<group>"; };
		CBF22BBE1BEBA2CA003CB3D5 /* ZXComposePictureView.h */ = {isa = PBXFileReference; fileEncoding = 4; lastKnownFileType = sourcecode.c.h; path = ZXComposePictureView.h; sourceTree = "<group>"; };
		CBF22BBF1BEBA2CA003CB3D5 /* ZXComposePictureView.m */ = {isa = PBXFileReference; fileEncoding = 4; lastKnownFileType = sourcecode.c.objc; path = ZXComposePictureView.m; sourceTree = "<group>"; };
		CBF260C91BDCF30C003878D7 /* ZXNewFeatureController.h */ = {isa = PBXFileReference; fileEncoding = 4; lastKnownFileType = sourcecode.c.h; path = ZXNewFeatureController.h; sourceTree = "<group>"; };
		CBF260CA1BDCF30C003878D7 /* ZXNewFeatureController.m */ = {isa = PBXFileReference; fileEncoding = 4; lastKnownFileType = sourcecode.c.objc; path = ZXNewFeatureController.m; sourceTree = "<group>"; };
		CBF260CC1BDCFC23003878D7 /* ZXEnterView.h */ = {isa = PBXFileReference; fileEncoding = 4; lastKnownFileType = sourcecode.c.h; path = ZXEnterView.h; sourceTree = "<group>"; };
		CBF260CD1BDCFC23003878D7 /* ZXEnterView.m */ = {isa = PBXFileReference; fileEncoding = 4; lastKnownFileType = sourcecode.c.objc; path = ZXEnterView.m; sourceTree = "<group>"; };
		CBF260CF1BDCFC30003878D7 /* ZXEnterView.xib */ = {isa = PBXFileReference; fileEncoding = 4; lastKnownFileType = file.xib; path = ZXEnterView.xib; sourceTree = "<group>"; };
		CBF495DF1BDBB698001AEF26 /* UIImage+Extension.h */ = {isa = PBXFileReference; fileEncoding = 4; lastKnownFileType = sourcecode.c.h; path = "UIImage+Extension.h"; sourceTree = "<group>"; };
		CBF495E01BDBB698001AEF26 /* UIImage+Extension.m */ = {isa = PBXFileReference; fileEncoding = 4; lastKnownFileType = sourcecode.c.objc; path = "UIImage+Extension.m"; sourceTree = "<group>"; };
		CBF495E21BDBB6C0001AEF26 /* ZXCartegry.h */ = {isa = PBXFileReference; lastKnownFileType = sourcecode.c.h; path = ZXCartegry.h; sourceTree = "<group>"; };
		CBF495E31BDBBD6B001AEF26 /* ZXTabBar.h */ = {isa = PBXFileReference; fileEncoding = 4; lastKnownFileType = sourcecode.c.h; path = ZXTabBar.h; sourceTree = "<group>"; };
		CBF495E41BDBBD6B001AEF26 /* ZXTabBar.m */ = {isa = PBXFileReference; fileEncoding = 4; lastKnownFileType = sourcecode.c.objc; path = ZXTabBar.m; sourceTree = "<group>"; };
		CBF66CFC1BDE4C1C00937A82 /* NSUserDefaults+Extension.h */ = {isa = PBXFileReference; fileEncoding = 4; lastKnownFileType = sourcecode.c.h; path = "NSUserDefaults+Extension.h"; sourceTree = "<group>"; };
		CBF66CFD1BDE4C1C00937A82 /* NSUserDefaults+Extension.m */ = {isa = PBXFileReference; fileEncoding = 4; lastKnownFileType = sourcecode.c.objc; path = "NSUserDefaults+Extension.m"; sourceTree = "<group>"; };
/* End PBXFileReference section */

/* Begin PBXFrameworksBuildPhase section */
		CB13B1B71BD34B7900A6816D /* Frameworks */ = {
			isa = PBXFrameworksBuildPhase;
			buildActionMask = 2147483647;
			files = (
			);
			runOnlyForDeploymentPostprocessing = 0;
		};
/* End PBXFrameworksBuildPhase section */

/* Begin PBXGroup section */
		CB045E9B1BE510F200A22682 /* OAuth(授权) */ = {
			isa = PBXGroup;
			children = (
				CB045E9C1BE510F200A22682 /* Controller */,
				CB1B44B31BE70CFF00F112E3 /* Tool */,
			);
			path = "OAuth(授权)";
			sourceTree = "<group>";
		};
		CB045E9C1BE510F200A22682 /* Controller */ = {
			isa = PBXGroup;
			children = (
				CB045E9D1BE5112900A22682 /* ZXOAuthController.h */,
				CB045E9E1BE5112900A22682 /* ZXOAuthController.m */,
			);
			path = Controller;
			sourceTree = "<group>";
		};
		CB13B1B11BD34B7900A6816D = {
			isa = PBXGroup;
			children = (
				CB13B1BC1BD34B7900A6816D /* ZXMSinga */,
				CB13B1BB1BD34B7900A6816D /* Products */,
			);
			sourceTree = "<group>";
		};
		CB13B1BB1BD34B7900A6816D /* Products */ = {
			isa = PBXGroup;
			children = (
				CB13B1BA1BD34B7900A6816D /* ZXMSinga.app */,
			);
			name = Products;
			sourceTree = "<group>";
		};
		CB13B1BC1BD34B7900A6816D /* ZXMSinga */ = {
			isa = PBXGroup;
			children = (
				CB13B1D41BD3794300A6816D /* Classes */,
				CB13B1C91BD34B7900A6816D /* Assets.xcassets */,
				CB13B1CB1BD34B7900A6816D /* LaunchScreen.storyboard */,
				CB13B1BD1BD34B7900A6816D /* Supporting Files */,
			);
			path = ZXMSinga;
			sourceTree = "<group>";
		};
		CB13B1BD1BD34B7900A6816D /* Supporting Files */ = {
			isa = PBXGroup;
			children = (
				CB13B1CE1BD34B7900A6816D /* Info.plist */,
				CB13B1BE1BD34B7900A6816D /* main.m */,
				CB582B981BD5214F009B6F5B /* ZXSinga.pch */,
			);
			name = "Supporting Files";
			sourceTree = "<group>";
		};
		CB13B1D41BD3794300A6816D /* Classes */ = {
			isa = PBXGroup;
			children = (
				CB582B8D1BD51A29009B6F5B /* Tmb */,
				CB13B1FC1BD3918600A6816D /* Lib */,
				CBF22BB11BEB3B46003CB3D5 /* Compose(发送) */,
				CB045E9B1BE510F200A22682 /* OAuth(授权) */,
				CBF260C51BDCEED8003878D7 /* NewFeature(新特性) */,
				CB13B1DD1BD3794300A6816D /* Main(主要) */,
				CB13B1D51BD3794300A6816D /* Discover(发现) */,
				CB13B1D91BD3794300A6816D /* Home(主页) */,
				CB13B1E11BD3794300A6816D /* me(我) */,
				CB13B1E51BD3794300A6816D /* Message(消息) */,
				CB13B1E91BD3794300A6816D /* Other(其他) */,
			);
			path = Classes;
			sourceTree = "<group>";
		};
		CB13B1D51BD3794300A6816D /* Discover(发现) */ = {
			isa = PBXGroup;
			children = (
				CB13B1D61BD3794300A6816D /* Controller */,
				CB13B1D71BD3794300A6816D /* Model */,
				CB13B1D81BD3794300A6816D /* View */,
			);
			path = "Discover(发现)";
			sourceTree = "<group>";
		};
		CB13B1D61BD3794300A6816D /* Controller */ = {
			isa = PBXGroup;
			children = (
				CB13B1F01BD37BE800A6816D /* ZXDiscoverViewController.h */,
				CB13B1F11BD37BE800A6816D /* ZXDiscoverViewController.m */,
			);
			path = Controller;
			sourceTree = "<group>";
		};
		CB13B1D71BD3794300A6816D /* Model */ = {
			isa = PBXGroup;
			children = (
			);
			path = Model;
			sourceTree = "<group>";
		};
		CB13B1D81BD3794300A6816D /* View */ = {
			isa = PBXGroup;
			children = (
				CB6C50241BD78B1000C43E32 /* ZXSearchView.h */,
				CB6C50251BD78B1000C43E32 /* ZXSearchView.m */,
				CB6C50271BD78B3200C43E32 /* ZXSearchView.xib */,
			);
			path = View;
			sourceTree = "<group>";
		};
		CB13B1D91BD3794300A6816D /* Home(主页) */ = {
			isa = PBXGroup;
			children = (
				CB13B1DA1BD3794300A6816D /* Controller */,
				CB13B1DB1BD3794300A6816D /* Model */,
				CB13B1DC1BD3794300A6816D /* View */,
			);
			path = "Home(主页)";
			sourceTree = "<group>";
		};
		CB13B1DA1BD3794300A6816D /* Controller */ = {
			isa = PBXGroup;
			children = (
				CB13B1F31BD37BFA00A6816D /* ZXHomeViewController.h */,
				CB13B1F41BD37BFA00A6816D /* ZXHomeViewController.m */,
			);
			path = Controller;
			sourceTree = "<group>";
		};
		CB13B1DB1BD3794300A6816D /* Model */ = {
			isa = PBXGroup;
			children = (
				CB1B44B71BE74D3B00F112E3 /* ZXStatus.h */,
				CB1B44B81BE74D3B00F112E3 /* ZXStatus.m */,
				CB1B44BA1BE78A2D00F112E3 /* ZXUser.h */,
				CB1B44BB1BE78A2D00F112E3 /* ZXUser.m */,
			);
			path = Model;
			sourceTree = "<group>";
		};
		CB13B1DC1BD3794300A6816D /* View */ = {
			isa = PBXGroup;
			children = (
				CB6C502C1BD7CDF000C43E32 /* ZXTitleBtn.h */,
				CB6C502D1BD7CDF000C43E32 /* ZXTitleBtn.m */,
				CB224A931BDB206C008CA13B /* ZXPopController.h */,
				CB224A941BDB206C008CA13B /* ZXPopController.m */,
				CB9AA2091BEA340B00D91E7E /* ZXFooterView.h */,
				CB9AA20A1BEA340B00D91E7E /* ZXFooterView.m */,
				CB9AA20C1BEA341C00D91E7E /* ZXFooterView.xib */,
			);
			path = View;
			sourceTree = "<group>";
		};
		CB13B1DD1BD3794300A6816D /* Main(主要) */ = {
			isa = PBXGroup;
			children = (
				CB13B1DE1BD3794300A6816D /* Controller */,
				CB13B1DF1BD3794300A6816D /* Model */,
				CB13B1E01BD3794300A6816D /* View */,
			);
			path = "Main(主要)";
			sourceTree = "<group>";
		};
		CB13B1DE1BD3794300A6816D /* Controller */ = {
			isa = PBXGroup;
			children = (
				CB13B1ED1BD37A6900A6816D /* ZXTabBarController.h */,
				CB13B1EE1BD37A6900A6816D /* ZXTabBarController.m */,
				CB582B991BD521DD009B6F5B /* ZXNavigationController.h */,
				CB582B9A1BD521DD009B6F5B /* ZXNavigationController.m */,
			);
			path = Controller;
			sourceTree = "<group>";
		};
		CB13B1DF1BD3794300A6816D /* Model */ = {
			isa = PBXGroup;
			children = (
			);
			path = Model;
			sourceTree = "<group>";
		};
		CB13B1E01BD3794300A6816D /* View */ = {
			isa = PBXGroup;
			children = (
				CBF495E31BDBBD6B001AEF26 /* ZXTabBar.h */,
				CBF495E41BDBBD6B001AEF26 /* ZXTabBar.m */,
			);
			path = View;
			sourceTree = "<group>";
		};
		CB13B1E11BD3794300A6816D /* me(我) */ = {
			isa = PBXGroup;
			children = (
				CB13B1E21BD3794300A6816D /* Controller */,
				CB13B1E31BD3794300A6816D /* Model */,
				CB13B1E41BD3794300A6816D /* View */,
			);
			path = "me(我)";
			sourceTree = "<group>";
		};
		CB13B1E21BD3794300A6816D /* Controller */ = {
			isa = PBXGroup;
			children = (
				CB13B1F61BD37C1C00A6816D /* ZXMeViewController.h */,
				CB13B1F71BD37C1C00A6816D /* ZXMeViewController.m */,
			);
			path = Controller;
			sourceTree = "<group>";
		};
		CB13B1E31BD3794300A6816D /* Model */ = {
			isa = PBXGroup;
			children = (
			);
			path = Model;
			sourceTree = "<group>";
		};
		CB13B1E41BD3794300A6816D /* View */ = {
			isa = PBXGroup;
			children = (
			);
			path = View;
			sourceTree = "<group>";
		};
		CB13B1E51BD3794300A6816D /* Message(消息) */ = {
			isa = PBXGroup;
			children = (
				CB13B1E61BD3794300A6816D /* Controller */,
				CB13B1E71BD3794300A6816D /* Model */,
				CB13B1E81BD3794300A6816D /* View */,
			);
			path = "Message(消息)";
			sourceTree = "<group>";
		};
		CB13B1E61BD3794300A6816D /* Controller */ = {
			isa = PBXGroup;
			children = (
				CB13B1F91BD37C2D00A6816D /* ZXMessageViewController.h */,
				CB13B1FA1BD37C2D00A6816D /* ZXMessageViewController.m */,
			);
			path = Controller;
			sourceTree = "<group>";
		};
		CB13B1E71BD3794300A6816D /* Model */ = {
			isa = PBXGroup;
			children = (
			);
			path = Model;
			sourceTree = "<group>";
		};
		CB13B1E81BD3794300A6816D /* View */ = {
			isa = PBXGroup;
			children = (
			);
			path = View;
			sourceTree = "<group>";
		};
		CB13B1E91BD3794300A6816D /* Other(其他) */ = {
			isa = PBXGroup;
			children = (
				CB13B1EA1BD37A1400A6816D /* AppDelegate.h */,
				CB13B1EB1BD37A1400A6816D /* AppDelegate.m */,
			);
			path = "Other(其他)";
			sourceTree = "<group>";
		};
		CB13B1FC1BD3918600A6816D /* Lib */ = {
			isa = PBXGroup;
			children = (
				CB1B44BD1BE78C6B00F112E3 /* SDWebImage */,
				CB1B449C1BE70AB200F112E3 /* MJExtension */,
				CB1B447F1BE6F66100F112E3 /* AFNetworking */,
				CB13B1FD1BD3918600A6816D /* cartegry */,
			);
			path = Lib;
			sourceTree = "<group>";
		};
		CB13B1FD1BD3918600A6816D /* cartegry */ = {
			isa = PBXGroup;
			children = (
				CBF495E21BDBB6C0001AEF26 /* ZXCartegry.h */,
				CB6C502F1BD7D45B00C43E32 /* UIView+Extension.h */,
				CB6C50301BD7D45B00C43E32 /* UIView+Extension.m */,
				CBF495DF1BDBB698001AEF26 /* UIImage+Extension.h */,
				CBF495E01BDBB698001AEF26 /* UIImage+Extension.m */,
				CB13B1FE1BD3951200A6816D /* UIBarButtonItem+Expention.h */,
				CB13B1FF1BD3951200A6816D /* UIBarButtonItem+Expention.m */,
				CB6C50291BD78DB800C43E32 /* NSBundle+Expention.h */,
				CB6C502A1BD78DB800C43E32 /* NSBundle+Expention.m */,
				CBF66CFC1BDE4C1C00937A82 /* NSUserDefaults+Extension.h */,
				CBF66CFD1BDE4C1C00937A82 /* NSUserDefaults+Extension.m */,
			);
			path = cartegry;
			sourceTree = "<group>";
		};
		CB1B447F1BE6F66100F112E3 /* AFNetworking */ = {
			isa = PBXGroup;
			children = (
				CB1B44801BE6F66100F112E3 /* AFHTTPRequestOperation.h */,
				CB1B44811BE6F66100F112E3 /* AFHTTPRequestOperation.m */,
				CB1B44821BE6F66100F112E3 /* AFHTTPRequestOperationManager.h */,
				CB1B44831BE6F66100F112E3 /* AFHTTPRequestOperationManager.m */,
				CB1B44841BE6F66100F112E3 /* AFHTTPSessionManager.h */,
				CB1B44851BE6F66100F112E3 /* AFHTTPSessionManager.m */,
				CB1B44861BE6F66100F112E3 /* AFNetworking.h */,
				CB1B44871BE6F66100F112E3 /* AFNetworkReachabilityManager.h */,
				CB1B44881BE6F66100F112E3 /* AFNetworkReachabilityManager.m */,
				CB1B44891BE6F66100F112E3 /* AFSecurityPolicy.h */,
				CB1B448A1BE6F66100F112E3 /* AFSecurityPolicy.m */,
				CB1B448B1BE6F66100F112E3 /* AFURLConnectionOperation.h */,
				CB1B448C1BE6F66100F112E3 /* AFURLConnectionOperation.m */,
				CB1B448D1BE6F66100F112E3 /* AFURLRequestSerialization.h */,
				CB1B448E1BE6F66100F112E3 /* AFURLRequestSerialization.m */,
				CB1B448F1BE6F66100F112E3 /* AFURLResponseSerialization.h */,
				CB1B44901BE6F66100F112E3 /* AFURLResponseSerialization.m */,
				CB1B44911BE6F66100F112E3 /* AFURLSessionManager.h */,
				CB1B44921BE6F66100F112E3 /* AFURLSessionManager.m */,
			);
			path = AFNetworking;
			sourceTree = "<group>";
		};
		CB1B449C1BE70AB200F112E3 /* MJExtension */ = {
			isa = PBXGroup;
			children = (
				CB1B449D1BE70AB200F112E3 /* MJConst.h */,
				CB1B449E1BE70AB200F112E3 /* MJConst.m */,
				CB1B449F1BE70AB200F112E3 /* MJExtension.h */,
				CB1B44A01BE70AB200F112E3 /* MJFoundation.h */,
				CB1B44A11BE70AB200F112E3 /* MJFoundation.m */,
				CB1B44A21BE70AB200F112E3 /* MJIvar.h */,
				CB1B44A31BE70AB200F112E3 /* MJIvar.m */,
				CB1B44A41BE70AB200F112E3 /* MJType.h */,
				CB1B44A51BE70AB200F112E3 /* MJType.m */,
				CB1B44A61BE70AB200F112E3 /* NSObject+MJCoding.h */,
				CB1B44A71BE70AB200F112E3 /* NSObject+MJCoding.m */,
				CB1B44A81BE70AB200F112E3 /* NSObject+MJIvar.h */,
				CB1B44A91BE70AB200F112E3 /* NSObject+MJIvar.m */,
				CB1B44AA1BE70AB200F112E3 /* NSObject+MJKeyValue.h */,
				CB1B44AB1BE70AB200F112E3 /* NSObject+MJKeyValue.m */,
			);
			path = MJExtension;
			sourceTree = "<group>";
		};
		CB1B44B31BE70CFF00F112E3 /* Tool */ = {
			isa = PBXGroup;
			children = (
				CB1B44B41BE70D2600F112E3 /* ZXAccout.h */,
				CB1B44B51BE70D2600F112E3 /* ZXAccout.m */,
				CBD9EA871BECF150005F4AEE /* ZXHttpTool.h */,
				CBD9EA881BECF150005F4AEE /* ZXHttpTool.m */,
			);
			path = Tool;
			sourceTree = "<group>";
		};
		CB1B44BD1BE78C6B00F112E3 /* SDWebImage */ = {
			isa = PBXGroup;
			children = (
				CB1B44BE1BE78C6B00F112E3 /* NSData+ImageContentType.h */,
				CB1B44BF1BE78C6B00F112E3 /* NSData+ImageContentType.m */,
				CB1B44C01BE78C6B00F112E3 /* SDImageCache.h */,
				CB1B44C11BE78C6B00F112E3 /* SDImageCache.m */,
				CB1B44C21BE78C6B00F112E3 /* SDWebImageCompat.h */,
				CB1B44C31BE78C6B00F112E3 /* SDWebImageCompat.m */,
				CB1B44C41BE78C6B00F112E3 /* SDWebImageDecoder.h */,
				CB1B44C51BE78C6B00F112E3 /* SDWebImageDecoder.m */,
				CB1B44C61BE78C6B00F112E3 /* SDWebImageDownloader.h */,
				CB1B44C71BE78C6B00F112E3 /* SDWebImageDownloader.m */,
				CB1B44C81BE78C6B00F112E3 /* SDWebImageDownloaderOperation.h */,
				CB1B44C91BE78C6B00F112E3 /* SDWebImageDownloaderOperation.m */,
				CB1B44CA1BE78C6B00F112E3 /* SDWebImageManager.h */,
				CB1B44CB1BE78C6B00F112E3 /* SDWebImageManager.m */,
				CB1B44CC1BE78C6B00F112E3 /* SDWebImageOperation.h */,
				CB1B44CD1BE78C6B00F112E3 /* SDWebImagePrefetcher.h */,
				CB1B44CE1BE78C6B00F112E3 /* SDWebImagePrefetcher.m */,
				CB1B44CF1BE78C6B00F112E3 /* UIButton+WebCache.h */,
				CB1B44D01BE78C6B00F112E3 /* UIButton+WebCache.m */,
				CB1B44D11BE78C6B00F112E3 /* UIImage+GIF.h */,
				CB1B44D21BE78C6B00F112E3 /* UIImage+GIF.m */,
				CB1B44D31BE78C6B00F112E3 /* UIImage+MultiFormat.h */,
				CB1B44D41BE78C6B00F112E3 /* UIImage+MultiFormat.m */,
				CB1B44D51BE78C6B00F112E3 /* UIImageView+HighlightedWebCache.h */,
				CB1B44D61BE78C6B00F112E3 /* UIImageView+HighlightedWebCache.m */,
				CB1B44D71BE78C6B00F112E3 /* UIImageView+WebCache.h */,
				CB1B44D81BE78C6B00F112E3 /* UIImageView+WebCache.m */,
				CB1B44D91BE78C6B00F112E3 /* UIView+WebCacheOperation.h */,
				CB1B44DA1BE78C6B00F112E3 /* UIView+WebCacheOperation.m */,
			);
			path = SDWebImage;
			sourceTree = "<group>";
		};
		CB582B8D1BD51A29009B6F5B /* Tmb */ = {
			isa = PBXGroup;
			children = (
				CB582B8E1BD51A46009B6F5B /* ZXOneViewController.h */,
				CB582B8F1BD51A46009B6F5B /* ZXOneViewController.m */,
				CB582B911BD51A50009B6F5B /* ZXTwoViewController.h */,
				CB582B921BD51A50009B6F5B /* ZXTwoViewController.m */,
			);
			path = Tmb;
			sourceTree = "<group>";
		};
		CBF22BB11BEB3B46003CB3D5 /* Compose(发送) */ = {
			isa = PBXGroup;
			children = (
				CBF22BB21BEB3B46003CB3D5 /* Controller */,
				CBF22BB31BEB3B46003CB3D5 /* Model */,
				CBF22BB41BEB3B46003CB3D5 /* View */,
			);
			path = "Compose(发送)";
			sourceTree = "<group>";
		};
		CBF22BB21BEB3B46003CB3D5 /* Controller */ = {
			isa = PBXGroup;
			children = (
				CBF22BB51BEB3B8C003CB3D5 /* ZXComposeController.h */,
				CBF22BB61BEB3B8C003CB3D5 /* ZXComposeController.m */,
			);
			path = Controller;
			sourceTree = "<group>";
		};
		CBF22BB31BEB3B46003CB3D5 /* Model */ = {
			isa = PBXGroup;
			children = (
			);
			path = Model;
			sourceTree = "<group>";
		};
		CBF22BB41BEB3B46003CB3D5 /* View */ = {
			isa = PBXGroup;
			children = (
				CBF22BB81BEB4387003CB3D5 /* ZXToolBar.h */,
				CBF22BB91BEB4387003CB3D5 /* ZXToolBar.m */,
				CBF22BBB1BEB50B3003CB3D5 /* ZXTextView.h */,
				CBF22BBC1BEB50B3003CB3D5 /* ZXTextView.m */,
				CBF22BBE1BEBA2CA003CB3D5 /* ZXComposePictureView.h */,
				CBF22BBF1BEBA2CA003CB3D5 /* ZXComposePictureView.m */,
				CB41D2281BEC6C6C00DBDF4C /* ZXStatusBar.h */,
				CB41D2291BEC6C6C00DBDF4C /* ZXStatusBar.m */,
			);
			path = View;
			sourceTree = "<group>";
		};
		CBF260C51BDCEED8003878D7 /* NewFeature(新特性) */ = {
			isa = PBXGroup;
			children = (
				CBF260C61BDCEED8003878D7 /* Controller */,
				CBF260C71BDCEED8003878D7 /* Model */,
				CBF260C81BDCEED8003878D7 /* View */,
			);
			path = "NewFeature(新特性)";
			sourceTree = "<group>";
		};
		CBF260C61BDCEED8003878D7 /* Controller */ = {
			isa = PBXGroup;
			children = (
				CBF260C91BDCF30C003878D7 /* ZXNewFeatureController.h */,
				CBF260CA1BDCF30C003878D7 /* ZXNewFeatureController.m */,
			);
			path = Controller;
			sourceTree = "<group>";
		};
		CBF260C71BDCEED8003878D7 /* Model */ = {
			isa = PBXGroup;
			children = (
			);
			path = Model;
			sourceTree = "<group>";
		};
		CBF260C81BDCEED8003878D7 /* View */ = {
			isa = PBXGroup;
			children = (
				CBF260CC1BDCFC23003878D7 /* ZXEnterView.h */,
				CBF260CD1BDCFC23003878D7 /* ZXEnterView.m */,
				CBF260CF1BDCFC30003878D7 /* ZXEnterView.xib */,
			);
			path = View;
			sourceTree = "<group>";
		};
/* End PBXGroup section */

/* Begin PBXNativeTarget section */
		CB13B1B91BD34B7900A6816D /* ZXMSinga */ = {
			isa = PBXNativeTarget;
			buildConfigurationList = CB13B1D11BD34B7900A6816D /* Build configuration list for PBXNativeTarget "ZXMSinga" */;
			buildPhases = (
				CB13B1B61BD34B7900A6816D /* Sources */,
				CB13B1B71BD34B7900A6816D /* Frameworks */,
				CB13B1B81BD34B7900A6816D /* Resources */,
			);
			buildRules = (
			);
			dependencies = (
			);
			name = ZXMSinga;
			productName = ZXMSinga;
			productReference = CB13B1BA1BD34B7900A6816D /* ZXMSinga.app */;
			productType = "com.apple.product-type.application";
		};
/* End PBXNativeTarget section */

/* Begin PBXProject section */
		CB13B1B21BD34B7900A6816D /* Project object */ = {
			isa = PBXProject;
			attributes = {
				CLASSPREFIX = ZX;
				LastUpgradeCheck = 0700;
				ORGANIZATIONNAME = " 周学明";
				TargetAttributes = {
					CB13B1B91BD34B7900A6816D = {
						CreatedOnToolsVersion = 7.0.1;
						DevelopmentTeam = 6D9633UD2A;
					};
				};
			};
			buildConfigurationList = CB13B1B51BD34B7900A6816D /* Build configuration list for PBXProject "ZXMSinga" */;
			compatibilityVersion = "Xcode 3.2";
			developmentRegion = English;
			hasScannedForEncodings = 0;
			knownRegions = (
				en,
				Base,
			);
			mainGroup = CB13B1B11BD34B7900A6816D;
			productRefGroup = CB13B1BB1BD34B7900A6816D /* Products */;
			projectDirPath = "";
			projectRoot = "";
			targets = (
				CB13B1B91BD34B7900A6816D /* ZXMSinga */,
			);
		};
/* End PBXProject section */

/* Begin PBXResourcesBuildPhase section */
		CB13B1B81BD34B7900A6816D /* Resources */ = {
			isa = PBXResourcesBuildPhase;
			buildActionMask = 2147483647;
			files = (
				CB13B1CD1BD34B7900A6816D /* LaunchScreen.storyboard in Resources */,
				CB13B1CA1BD34B7900A6816D /* Assets.xcassets in Resources */,
				CB6C50281BD78B3200C43E32 /* ZXSearchView.xib in Resources */,
				CBF260D01BDCFC30003878D7 /* ZXEnterView.xib in Resources */,
				CB9AA20D1BEA341C00D91E7E /* ZXFooterView.xib in Resources */,
			);
			runOnlyForDeploymentPostprocessing = 0;
		};
/* End PBXResourcesBuildPhase section */

/* Begin PBXSourcesBuildPhase section */
		CB13B1B61BD34B7900A6816D /* Sources */ = {
			isa = PBXSourcesBuildPhase;
			buildActionMask = 2147483647;
			files = (
				CB1B44E51BE78C6B00F112E3 /* UIImage+MultiFormat.m in Sources */,
				CB1B44DF1BE78C6B00F112E3 /* SDWebImageDownloader.m in Sources */,
				CB1B44981BE6F66100F112E3 /* AFURLConnectionOperation.m in Sources */,
				CB6C50311BD7D45B00C43E32 /* UIView+Extension.m in Sources */,
				CB1B44AC1BE70AB200F112E3 /* MJConst.m in Sources */,
				CB9AA20B1BEA340B00D91E7E /* ZXFooterView.m in Sources */,
				CB1B44E61BE78C6B00F112E3 /* UIImageView+HighlightedWebCache.m in Sources */,
				CB224A951BDB206C008CA13B /* ZXPopController.m in Sources */,
				CBF22BC01BEBA2CA003CB3D5 /* ZXComposePictureView.m in Sources */,
				CB1B44DB1BE78C6B00F112E3 /* NSData+ImageContentType.m in Sources */,
				CB1B44931BE6F66100F112E3 /* AFHTTPRequestOperation.m in Sources */,
				CB1B44E01BE78C6B00F112E3 /* SDWebImageDownloaderOperation.m in Sources */,
				CB1B449A1BE6F66100F112E3 /* AFURLResponseSerialization.m in Sources */,
				CBF22BBD1BEB50B3003CB3D5 /* ZXTextView.m in Sources */,
				CB1B44DE1BE78C6B00F112E3 /* SDWebImageDecoder.m in Sources */,
				CBF495E11BDBB698001AEF26 /* UIImage+Extension.m in Sources */,
				CBF22BB71BEB3B8C003CB3D5 /* ZXComposeController.m in Sources */,
				CB1B44B61BE70D2600F112E3 /* ZXAccout.m in Sources */,
				CB13B1F81BD37C1C00A6816D /* ZXMeViewController.m in Sources */,
				CB582B9B1BD521DD009B6F5B /* ZXNavigationController.m in Sources */,
				CB13B2001BD3951200A6816D /* UIBarButtonItem+Expention.m in Sources */,
				CB1B44AE1BE70AB200F112E3 /* MJIvar.m in Sources */,
				CB1B44AF1BE70AB200F112E3 /* MJType.m in Sources */,
				CB1B44E31BE78C6B00F112E3 /* UIButton+WebCache.m in Sources */,
				CBF66CFE1BDE4C1C00937A82 /* NSUserDefaults+Extension.m in Sources */,
				CB13B1FB1BD37C2D00A6816D /* ZXMessageViewController.m in Sources */,
				CB1B44AD1BE70AB200F112E3 /* MJFoundation.m in Sources */,
				CB6C50261BD78B1000C43E32 /* ZXSearchView.m in Sources */,
				CB1B44971BE6F66100F112E3 /* AFSecurityPolicy.m in Sources */,
				CB1B44B11BE70AB200F112E3 /* NSObject+MJIvar.m in Sources */,
				CB1B449B1BE6F66100F112E3 /* AFURLSessionManager.m in Sources */,
				CB6C502E1BD7CDF000C43E32 /* ZXTitleBtn.m in Sources */,
				CB1B44B21BE70AB200F112E3 /* NSObject+MJKeyValue.m in Sources */,
				CB582B931BD51A50009B6F5B /* ZXTwoViewController.m in Sources */,
				CB1B44951BE6F66100F112E3 /* AFHTTPSessionManager.m in Sources */,
				CB13B1EF1BD37A6900A6816D /* ZXTabBarController.m in Sources */,
				CB1B44961BE6F66100F112E3 /* AFNetworkReachabilityManager.m in Sources */,
				CBF260CE1BDCFC23003878D7 /* ZXEnterView.m in Sources */,
				CB1B44941BE6F66100F112E3 /* AFHTTPRequestOperationManager.m in Sources */,
				CB1B44E41BE78C6B00F112E3 /* UIImage+GIF.m in Sources */,
				CB1B44991BE6F66100F112E3 /* AFURLRequestSerialization.m in Sources */,
				CB1B44E81BE78C6B00F112E3 /* UIView+WebCacheOperation.m in Sources */,
				CB1B44E11BE78C6B00F112E3 /* SDWebImageManager.m in Sources */,
				CBF495E51BDBBD6B001AEF26 /* ZXTabBar.m in Sources */,
				CB13B1F21BD37BE800A6816D /* ZXDiscoverViewController.m in Sources */,
				CB045E9F1BE5112900A22682 /* ZXOAuthController.m in Sources */,
				CB1B44DD1BE78C6B00F112E3 /* SDWebImageCompat.m in Sources */,
				CB13B1F51BD37BFA00A6816D /* ZXHomeViewController.m in Sources */,
				CB1B44BC1BE78A2D00F112E3 /* ZXUser.m in Sources */,
				CB13B1EC1BD37A1400A6816D /* AppDelegate.m in Sources */,
				CBF260CB1BDCF30C003878D7 /* ZXNewFeatureController.m in Sources */,
				CB1B44B91BE74D3B00F112E3 /* ZXStatus.m in Sources */,
				CB1B44E21BE78C6B00F112E3 /* SDWebImagePrefetcher.m in Sources */,
				CB1B44B01BE70AB200F112E3 /* NSObject+MJCoding.m in Sources */,
				CB13B1BF1BD34B7900A6816D /* main.m in Sources */,
				CBD9EA891BECF150005F4AEE /* ZXHttpTool.m in Sources */,
				CB1B44E71BE78C6B00F112E3 /* UIImageView+WebCache.m in Sources */,
				CB1B44DC1BE78C6B00F112E3 /* SDImageCache.m in Sources */,
				CBF22BBA1BEB4387003CB3D5 /* ZXToolBar.m in Sources */,
				CB582B901BD51A46009B6F5B /* ZXOneViewController.m in Sources */,
				CB6C502B1BD78DB800C43E32 /* NSBundle+Expention.m in Sources */,
				CB41D22A1BEC6C6C00DBDF4C /* ZXStatusBar.m in Sources */,
			);
			runOnlyForDeploymentPostprocessing = 0;
		};
/* End PBXSourcesBuildPhase section */

/* Begin PBXVariantGroup section */
		CB13B1CB1BD34B7900A6816D /* LaunchScreen.storyboard */ = {
			isa = PBXVariantGroup;
			children = (
				CB13B1CC1BD34B7900A6816D /* Base */,
			);
			name = LaunchScreen.storyboard;
			sourceTree = "<group>";
		};
/* End PBXVariantGroup section */

/* Begin XCBuildConfiguration section */
		CB13B1CF1BD34B7900A6816D /* Debug */ = {
			isa = XCBuildConfiguration;
			buildSettings = {
				ALWAYS_SEARCH_USER_PATHS = NO;
				CLANG_CXX_LANGUAGE_STANDARD = "gnu++0x";
				CLANG_CXX_LIBRARY = "libc++";
				CLANG_ENABLE_MODULES = YES;
				CLANG_ENABLE_OBJC_ARC = YES;
				CLANG_WARN_BOOL_CONVERSION = YES;
				CLANG_WARN_CONSTANT_CONVERSION = YES;
				CLANG_WARN_DIRECT_OBJC_ISA_USAGE = YES_ERROR;
				CLANG_WARN_EMPTY_BODY = YES;
				CLANG_WARN_ENUM_CONVERSION = YES;
				CLANG_WARN_INT_CONVERSION = YES;
				CLANG_WARN_OBJC_ROOT_CLASS = YES_ERROR;
				CLANG_WARN_UNREACHABLE_CODE = YES;
				CLANG_WARN__DUPLICATE_METHOD_MATCH = YES;
				"CODE_SIGN_IDENTITY[sdk=iphoneos*]" = "iPhone Developer";
				COPY_PHASE_STRIP = NO;
				DEBUG_INFORMATION_FORMAT = dwarf;
				ENABLE_STRICT_OBJC_MSGSEND = YES;
				ENABLE_TESTABILITY = YES;
				GCC_C_LANGUAGE_STANDARD = gnu99;
				GCC_DYNAMIC_NO_PIC = NO;
				GCC_NO_COMMON_BLOCKS = YES;
				GCC_OPTIMIZATION_LEVEL = 0;
				GCC_PREPROCESSOR_DEFINITIONS = (
					"DEBUG=1",
					"$(inherited)",
				);
				GCC_WARN_64_TO_32_BIT_CONVERSION = YES;
				GCC_WARN_ABOUT_RETURN_TYPE = YES_ERROR;
				GCC_WARN_UNDECLARED_SELECTOR = YES;
				GCC_WARN_UNINITIALIZED_AUTOS = YES_AGGRESSIVE;
				GCC_WARN_UNUSED_FUNCTION = YES;
				GCC_WARN_UNUSED_VARIABLE = YES;
				IPHONEOS_DEPLOYMENT_TARGET = 9.0;
				MTL_ENABLE_DEBUG_INFO = YES;
				ONLY_ACTIVE_ARCH = YES;
				SDKROOT = iphoneos;
			};
			name = Debug;
		};
		CB13B1D01BD34B7900A6816D /* Release */ = {
			isa = XCBuildConfiguration;
			buildSettings = {
				ALWAYS_SEARCH_USER_PATHS = NO;
				CLANG_CXX_LANGUAGE_STANDARD = "gnu++0x";
				CLANG_CXX_LIBRARY = "libc++";
				CLANG_ENABLE_MODULES = YES;
				CLANG_ENABLE_OBJC_ARC = YES;
				CLANG_WARN_BOOL_CONVERSION = YES;
				CLANG_WARN_CONSTANT_CONVERSION = YES;
				CLANG_WARN_DIRECT_OBJC_ISA_USAGE = YES_ERROR;
				CLANG_WARN_EMPTY_BODY = YES;
				CLANG_WARN_ENUM_CONVERSION = YES;
				CLANG_WARN_INT_CONVERSION = YES;
				CLANG_WARN_OBJC_ROOT_CLASS = YES_ERROR;
				CLANG_WARN_UNREACHABLE_CODE = YES;
				CLANG_WARN__DUPLICATE_METHOD_MATCH = YES;
				"CODE_SIGN_IDENTITY[sdk=iphoneos*]" = "iPhone Developer";
				COPY_PHASE_STRIP = NO;
				DEBUG_INFORMATION_FORMAT = "dwarf-with-dsym";
				ENABLE_NS_ASSERTIONS = NO;
				ENABLE_STRICT_OBJC_MSGSEND = YES;
				GCC_C_LANGUAGE_STANDARD = gnu99;
				GCC_NO_COMMON_BLOCKS = YES;
				GCC_WARN_64_TO_32_BIT_CONVERSION = YES;
				GCC_WARN_ABOUT_RETURN_TYPE = YES_ERROR;
				GCC_WARN_UNDECLARED_SELECTOR = YES;
				GCC_WARN_UNINITIALIZED_AUTOS = YES_AGGRESSIVE;
				GCC_WARN_UNUSED_FUNCTION = YES;
				GCC_WARN_UNUSED_VARIABLE = YES;
				IPHONEOS_DEPLOYMENT_TARGET = 9.0;
				MTL_ENABLE_DEBUG_INFO = NO;
				SDKROOT = iphoneos;
				VALIDATE_PRODUCT = YES;
			};
			name = Release;
		};
		CB13B1D21BD34B7900A6816D /* Debug */ = {
			isa = XCBuildConfiguration;
			buildSettings = {
				ASSETCATALOG_COMPILER_APPICON_NAME = AppIcon;
				ASSETCATALOG_COMPILER_LAUNCHIMAGE_NAME = BrandAsset;
				GCC_PRECOMPILE_PREFIX_HEADER = YES;
				GCC_PREFIX_HEADER = "${SRCROOT}/ZXMSinga/ZXSinga.pch";
				INFOPLIST_FILE = ZXMSinga/Info.plist;
				LD_RUNPATH_SEARCH_PATHS = "$(inherited) @executable_path/Frameworks";
				PRODUCT_BUNDLE_IDENTIFIER = zxm.com.ZXMSinga;
				PRODUCT_NAME = "$(TARGET_NAME)";
			};
			name = Debug;
		};
		CB13B1D31BD34B7900A6816D /* Release */ = {
			isa = XCBuildConfiguration;
			buildSettings = {
				ASSETCATALOG_COMPILER_APPICON_NAME = AppIcon;
				ASSETCATALOG_COMPILER_LAUNCHIMAGE_NAME = BrandAsset;
				GCC_PRECOMPILE_PREFIX_HEADER = YES;
				GCC_PREFIX_HEADER = "${SRCROOT}/ZXMSinga/ZXSinga.pch";
				INFOPLIST_FILE = ZXMSinga/Info.plist;
				LD_RUNPATH_SEARCH_PATHS = "$(inherited) @executable_path/Frameworks";
				PRODUCT_BUNDLE_IDENTIFIER = zxm.com.ZXMSinga;
				PRODUCT_NAME = "$(TARGET_NAME)";
			};
			name = Release;
		};
/* End XCBuildConfiguration section */

/* Begin XCConfigurationList section */
		CB13B1B51BD34B7900A6816D /* Build configuration list for PBXProject "ZXMSinga" */ = {
			isa = XCConfigurationList;
			buildConfigurations = (
				CB13B1CF1BD34B7900A6816D /* Debug */,
				CB13B1D01BD34B7900A6816D /* Release */,
			);
			defaultConfigurationIsVisible = 0;
			defaultConfigurationName = Release;
		};
		CB13B1D11BD34B7900A6816D /* Build configuration list for PBXNativeTarget "ZXMSinga" */ = {
			isa = XCConfigurationList;
			buildConfigurations = (
				CB13B1D21BD34B7900A6816D /* Debug */,
				CB13B1D31BD34B7900A6816D /* Release */,
			);
			defaultConfigurationIsVisible = 0;
			defaultConfigurationName = Release;
		};
/* End XCConfigurationList section */
	};
	rootObject = CB13B1B21BD34B7900A6816D /* Project object */;
}
